
Microsoft Visual Studio Solution File, Format Version 12.00
# Visual Studio 14
VisualStudioVersion = 14.0.24720.0
MinimumVisualStudioVersion = 10.0.40219.1
Project("{FAE04EC0-301F-11D3-BF4B-00C04F79EFBC}") = "UniQode.Web", "UniQode.Web\UniQode.Web.csproj", "{18C069C9-2936-4F7F-9C81-3F4959BC4425}"
EndProject
Project("{FAE04EC0-301F-11D3-BF4B-00C04F79EFBC}") = "UniQode.Models", "UniQode.Models\UniQode.Models.csproj", "{21DF8090-0FEF-4F84-9501-9530964A22A1}"
EndProject
Project("{FAE04EC0-301F-11D3-BF4B-00C04F79EFBC}") = "UniQode.Data", "UniQode.Data\UniQode.Data.csproj", "{46CFBF69-1866-4A5B-8898-7FDBD9E01998}"
EndProject
Project("{FAE04EC0-301F-11D3-BF4B-00C04F79EFBC}") = "UniQode.Contracts", "UniQode.Contracts\UniQode.Contracts.csproj", "{DEC89778-C658-4891-B0DB-3DB017EE1282}"
EndProject
Project("{FAE04EC0-301F-11D3-BF4B-00C04F79EFBC}") = "UniQode.Entities", "UniQode.Entities\UniQode.Entities.csproj", "{297C0EF8-8722-4A2E-AA59-570BA80A036F}"
EndProject
Project("{2150E333-8FDC-42A3-9474-1A3956D46DE8}") = "Domain", "Domain", "{375CEF3F-AE0F-45D8-9C62-582361E05896}"
EndProject
Project("{2150E333-8FDC-42A3-9474-1A3956D46DE8}") = "Core", "Core", "{F2CA129F-A433-4541-8B41-3B324BF2882A}"
EndProject
Project("{2150E333-8FDC-42A3-9474-1A3956D46DE8}") = "Tests", "Tests", "{A994616D-FEEF-4487-82FE-BAD324602A6C}"
EndProject
Project("{FAE04EC0-301F-11D3-BF4B-00C04F79EFBC}") = "UniQode.Entities.Data", "UniQode.Entities.Data\UniQode.Entities.Data.csproj", "{C209C0BE-A814-496E-83E1-7D0C67BC46F7}"
EndProject
Project("{FAE04EC0-301F-11D3-BF4B-00C04F79EFBC}") = "UniQode.Sandbox", "UniQode.Sandbox\UniQode.Sandbox.csproj", "{0076F33F-D4AE-4984-87D3-F91E83BAFD86}"
EndProject
Project("{FAE04EC0-301F-11D3-BF4B-00C04F79EFBC}") = "UniQode.Services", "UniQode.Services\UniQode.Services.csproj", "{D2531E28-5CCC-4E5A-A352-4C7C6D06515D}"
EndProject
Project("{FAE04EC0-301F-11D3-BF4B-00C04F79EFBC}") = "UniQode.Common", "UniQode.Common\UniQode.Common.csproj", "{924776B0-419E-4138-989B-5EE558667530}"
EndProject
Project("{FAE04EC0-301F-11D3-BF4B-00C04F79EFBC}") = "UniQode.Common.Tests", "UniQode.Common.Tests\UniQode.Common.Tests.csproj", "{ADC53509-565E-43B9-ABB2-1196B6300E14}"
EndProject
Project("{FAE04EC0-301F-11D3-BF4B-00C04F79EFBC}") = "UniQode.Services.Tests", "UniQode.Services.Tests\UniQode.Services.Tests.csproj", "{0205E6C5-9F05-485A-B990-B4204FEE6CF0}"
EndProject
Project("{FAE04EC0-301F-11D3-BF4B-00C04F79EFBC}") = "UniQode.Cli", "UniQode.Cli\UniQode.Cli.csproj", "{659D1A78-F740-499F-92F2-C47DF6A07794}"
EndProject
Global
	GlobalSection(SolutionConfigurationPlatforms) = preSolution
		Debug|Any CPU = Debug|Any CPU
		Release|Any CPU = Release|Any CPU
	EndGlobalSection
	GlobalSection(ProjectConfigurationPlatforms) = postSolution
		{18C069C9-2936-4F7F-9C81-3F4959BC4425}.Debug|Any CPU.ActiveCfg = Debug|Any CPU
		{18C069C9-2936-4F7F-9C81-3F4959BC4425}.Debug|Any CPU.Build.0 = Debug|Any CPU
		{18C069C9-2936-4F7F-9C81-3F4959BC4425}.Release|Any CPU.ActiveCfg = Release|Any CPU
		{18C069C9-2936-4F7F-9C81-3F4959BC4425}.Release|Any CPU.Build.0 = Release|Any CPU
		{21DF8090-0FEF-4F84-9501-9530964A22A1}.Debug|Any CPU.ActiveCfg = Debug|Any CPU
		{21DF8090-0FEF-4F84-9501-9530964A22A1}.Debug|Any CPU.Build.0 = Debug|Any CPU
		{21DF8090-0FEF-4F84-9501-9530964A22A1}.Release|Any CPU.ActiveCfg = Release|Any CPU
		{21DF8090-0FEF-4F84-9501-9530964A22A1}.Release|Any CPU.Build.0 = Release|Any CPU
		{46CFBF69-1866-4A5B-8898-7FDBD9E01998}.Debug|Any CPU.ActiveCfg = Debug|Any CPU
		{46CFBF69-1866-4A5B-8898-7FDBD9E01998}.Debug|Any CPU.Build.0 = Debug|Any CPU
		{46CFBF69-1866-4A5B-8898-7FDBD9E01998}.Release|Any CPU.ActiveCfg = Release|Any CPU
		{46CFBF69-1866-4A5B-8898-7FDBD9E01998}.Release|Any CPU.Build.0 = Release|Any CPU
		{DEC89778-C658-4891-B0DB-3DB017EE1282}.Debug|Any CPU.ActiveCfg = Debug|Any CPU
		{DEC89778-C658-4891-B0DB-3DB017EE1282}.Debug|Any CPU.Build.0 = Debug|Any CPU
		{DEC89778-C658-4891-B0DB-3DB017EE1282}.Release|Any CPU.ActiveCfg = Release|Any CPU
		{DEC89778-C658-4891-B0DB-3DB017EE1282}.Release|Any CPU.Build.0 = Release|Any CPU
		{297C0EF8-8722-4A2E-AA59-570BA80A036F}.Debug|Any CPU.ActiveCfg = Debug|Any CPU
		{297C0EF8-8722-4A2E-AA59-570BA80A036F}.Debug|Any CPU.Build.0 = Debug|Any CPU
		{297C0EF8-8722-4A2E-AA59-570BA80A036F}.Release|Any CPU.ActiveCfg = Release|Any CPU
		{297C0EF8-8722-4A2E-AA59-570BA80A036F}.Release|Any CPU.Build.0 = Release|Any CPU
		{C209C0BE-A814-496E-83E1-7D0C67BC46F7}.Debug|Any CPU.ActiveCfg = Debug|Any CPU
		{C209C0BE-A814-496E-83E1-7D0C67BC46F7}.Debug|Any CPU.Build.0 = Debug|Any CPU
		{C209C0BE-A814-496E-83E1-7D0C67BC46F7}.Release|Any CPU.ActiveCfg = Release|Any CPU
		{C209C0BE-A814-496E-83E1-7D0C67BC46F7}.Release|Any CPU.Build.0 = Release|Any CPU
		{0076F33F-D4AE-4984-87D3-F91E83BAFD86}.Debug|Any CPU.ActiveCfg = Debug|Any CPU
		{0076F33F-D4AE-4984-87D3-F91E83BAFD86}.Debug|Any CPU.Build.0 = Debug|Any CPU
		{0076F33F-D4AE-4984-87D3-F91E83BAFD86}.Release|Any CPU.ActiveCfg = Release|Any CPU
		{0076F33F-D4AE-4984-87D3-F91E83BAFD86}.Release|Any CPU.Build.0 = Release|Any CPU
		{D2531E28-5CCC-4E5A-A352-4C7C6D06515D}.Debug|Any CPU.ActiveCfg = Debug|Any CPU
		{D2531E28-5CCC-4E5A-A352-4C7C6D06515D}.Debug|Any CPU.Build.0 = Debug|Any CPU
		{D2531E28-5CCC-4E5A-A352-4C7C6D06515D}.Release|Any CPU.ActiveCfg = Release|Any CPU
		{D2531E28-5CCC-4E5A-A352-4C7C6D06515D}.Release|Any CPU.Build.0 = Release|Any CPU
		{924776B0-419E-4138-989B-5EE558667530}.Debug|Any CPU.ActiveCfg = Debug|Any CPU
		{924776B0-419E-4138-989B-5EE558667530}.Debug|Any CPU.Build.0 = Debug|Any CPU
		{924776B0-419E-4138-989B-5EE558667530}.Release|Any CPU.ActiveCfg = Release|Any CPU
		{924776B0-419E-4138-989B-5EE558667530}.Release|Any CPU.Build.0 = Release|Any CPU
		{ADC53509-565E-43B9-ABB2-1196B6300E14}.Debug|Any CPU.ActiveCfg = Debug|Any CPU
		{ADC53509-565E-43B9-ABB2-1196B6300E14}.Debug|Any CPU.Build.0 = Debug|Any CPU
		{ADC53509-565E-43B9-ABB2-1196B6300E14}.Release|Any CPU.ActiveCfg = Release|Any CPU
		{ADC53509-565E-43B9-ABB2-1196B6300E14}.Release|Any CPU.Build.0 = Release|Any CPU
		{0205E6C5-9F05-485A-B990-B4204FEE6CF0}.Debug|Any CPU.ActiveCfg = Debug|Any CPU
		{0205E6C5-9F05-485A-B990-B4204FEE6CF0}.Debug|Any CPU.Build.0 = Debug|Any CPU
		{0205E6C5-9F05-485A-B990-B4204FEE6CF0}.Release|Any CPU.ActiveCfg = Release|Any CPU
		{0205E6C5-9F05-485A-B990-B4204FEE6CF0}.Release|Any CPU.Build.0 = Release|Any CPU
		{659D1A78-F740-499F-92F2-C47DF6A07794}.Debug|Any CPU.ActiveCfg = Debug|Any CPU
		{659D1A78-F740-499F-92F2-C47DF6A07794}.Debug|Any CPU.Build.0 = Debug|Any CPU
		{659D1A78-F740-499F-92F2-C47DF6A07794}.Release|Any CPU.ActiveCfg = Release|Any CPU
		{659D1A78-F740-499F-92F2-C47DF6A07794}.Release|Any CPU.Build.0 = Release|Any CPU
	EndGlobalSection
	GlobalSection(SolutionProperties) = preSolution
		HideSolutionNode = FALSE
	EndGlobalSection
	GlobalSection(NestedProjects) = preSolution
		{21DF8090-0FEF-4F84-9501-9530964A22A1} = {375CEF3F-AE0F-45D8-9C62-582361E05896}
		{46CFBF69-1866-4A5B-8898-7FDBD9E01998} = {F2CA129F-A433-4541-8B41-3B324BF2882A}
		{DEC89778-C658-4891-B0DB-3DB017EE1282} = {375CEF3F-AE0F-45D8-9C62-582361E05896}
		{297C0EF8-8722-4A2E-AA59-570BA80A036F} = {375CEF3F-AE0F-45D8-9C62-582361E05896}
		{C209C0BE-A814-496E-83E1-7D0C67BC46F7} = {375CEF3F-AE0F-45D8-9C62-582361E05896}
		{0076F33F-D4AE-4984-87D3-F91E83BAFD86} = {A994616D-FEEF-4487-82FE-BAD324602A6C}
		{D2531E28-5CCC-4E5A-A352-4C7C6D06515D} = {F2CA129F-A433-4541-8B41-3B324BF2882A}
		{924776B0-419E-4138-989B-5EE558667530} = {F2CA129F-A433-4541-8B41-3B324BF2882A}
		{ADC53509-565E-43B9-ABB2-1196B6300E14} = {A994616D-FEEF-4487-82FE-BAD324602A6C}
		{0205E6C5-9F05-485A-B990-B4204FEE6CF0} = {A994616D-FEEF-4487-82FE-BAD324602A6C}
	EndGlobalSection
EndGlobal
