
Microsoft Visual Studio Solution File, Format Version 12.00
# Visual Studio 15
VisualStudioVersion = 15.0.27130.2027
MinimumVisualStudioVersion = 10.0.40219.1
Project("{9A19103F-16F7-4668-BE54-9A1E7A4F7556}") = "UniQode.Web", "UniQode.Web\UniQode.Web.csproj", "{F76370FC-78FF-44F4-A267-007E1E34FF56}"
EndProject
Project("{FAE04EC0-301F-11D3-BF4B-00C04F79EFBC}") = "UniQode.Core", "UniQode.Core\UniQode.Core.csproj", "{0CB4B206-3904-4B87-8A8F-F7F4B409E263}"
EndProject
Project("{FAE04EC0-301F-11D3-BF4B-00C04F79EFBC}") = "UniQode.Infrastructure", "UniQode.Infrastructure\UniQode.Infrastructure.csproj", "{8E825E89-F563-4818-A585-1823A0A7DE77}"
EndProject
Global
	GlobalSection(SolutionConfigurationPlatforms) = preSolution
		Debug|Any CPU = Debug|Any CPU
		Release|Any CPU = Release|Any CPU
	EndGlobalSection
	GlobalSection(ProjectConfigurationPlatforms) = postSolution
		{F76370FC-78FF-44F4-A267-007E1E34FF56}.Debug|Any CPU.ActiveCfg = Debug|Any CPU
		{F76370FC-78FF-44F4-A267-007E1E34FF56}.Debug|Any CPU.Build.0 = Debug|Any CPU
		{F76370FC-78FF-44F4-A267-007E1E34FF56}.Release|Any CPU.ActiveCfg = Release|Any CPU
		{F76370FC-78FF-44F4-A267-007E1E34FF56}.Release|Any CPU.Build.0 = Release|Any CPU
		{0CB4B206-3904-4B87-8A8F-F7F4B409E263}.Debug|Any CPU.ActiveCfg = Debug|Any CPU
		{0CB4B206-3904-4B87-8A8F-F7F4B409E263}.Debug|Any CPU.Build.0 = Debug|Any CPU
		{0CB4B206-3904-4B87-8A8F-F7F4B409E263}.Release|Any CPU.ActiveCfg = Release|Any CPU
		{0CB4B206-3904-4B87-8A8F-F7F4B409E263}.Release|Any CPU.Build.0 = Release|Any CPU
		{8E825E89-F563-4818-A585-1823A0A7DE77}.Debug|Any CPU.ActiveCfg = Debug|Any CPU
		{8E825E89-F563-4818-A585-1823A0A7DE77}.Debug|Any CPU.Build.0 = Debug|Any CPU
		{8E825E89-F563-4818-A585-1823A0A7DE77}.Release|Any CPU.ActiveCfg = Release|Any CPU
		{8E825E89-F563-4818-A585-1823A0A7DE77}.Release|Any CPU.Build.0 = Release|Any CPU
	EndGlobalSection
	GlobalSection(SolutionProperties) = preSolution
		HideSolutionNode = FALSE
	EndGlobalSection
	GlobalSection(ExtensibilityGlobals) = postSolution
		SolutionGuid = {03B73F78-20E1-4EF8-BFE2-F3A946AAD974}
	EndGlobalSection
EndGlobal
